
Microsoft Visual Studio Solution File, Format Version 12.00
# Visual Studio Version 17
VisualStudioVersion = 17.2.32526.322
MinimumVisualStudioVersion = 10.0.40219.1
Project("{9A19103F-16F7-4668-BE54-9A1E7A4F7556}") = "ClearMem2", "ClearMem2.csproj", "{9DF27D7E-80EC-49B0-8AEA-5D7E77FF4964}"
EndProject
Global
	GlobalSection(SolutionConfigurationPlatforms) = preSolution
		Debug|Any CPU = Debug|Any CPU
		Release|Any CPU = Release|Any CPU
	EndGlobalSection
	GlobalSection(ProjectConfigurationPlatforms) = postSolution
		{9DF27D7E-80EC-49B0-8AEA-5D7E77FF4964}.Debug|Any CPU.ActiveCfg = Debug|Any CPU
		{9DF27D7E-80EC-49B0-8AEA-5D7E77FF4964}.Debug|Any CPU.Build.0 = Debug|Any CPU
		{9DF27D7E-80EC-49B0-8AEA-5D7E77FF4964}.Release|Any CPU.ActiveCfg = Release|Any CPU
		{9DF27D7E-80EC-49B0-8AEA-5D7E77FF4964}.Release|Any CPU.Build.0 = Release|Any CPU
	EndGlobalSection
	GlobalSection(SolutionProperties) = preSolution
		HideSolutionNode = FALSE
	EndGlobalSection
	GlobalSection(ExtensibilityGlobals) = postSolution
		SolutionGuid = {CC5A558A-FECF-48AB-B0E2-F3C971CB384A}
	EndGlobalSection
EndGlobal
